
Microsoft Visual Studio Solution File, Format Version 12.00
# Visual Studio Version 16
VisualStudioVersion = 16.0.31005.135
MinimumVisualStudioVersion = 10.0.40219.1
Project("{FAE04EC0-301F-11D3-BF4B-00C04F79EFBC}") = "CodeKata_Drivers", "CodeKata_Drivers\CodeKata_Drivers.csproj", "{D7BF169A-9825-490F-A07F-1B9EE72E70EA}"
EndProject
Global
	GlobalSection(SolutionConfigurationPlatforms) = preSolution
		Debug|Any CPU = Debug|Any CPU
		Release|Any CPU = Release|Any CPU
	EndGlobalSection
	GlobalSection(ProjectConfigurationPlatforms) = postSolution
		{D7BF169A-9825-490F-A07F-1B9EE72E70EA}.Debug|Any CPU.ActiveCfg = Debug|Any CPU
		{D7BF169A-9825-490F-A07F-1B9EE72E70EA}.Debug|Any CPU.Build.0 = Debug|Any CPU
		{D7BF169A-9825-490F-A07F-1B9EE72E70EA}.Release|Any CPU.ActiveCfg = Release|Any CPU
		{D7BF169A-9825-490F-A07F-1B9EE72E70EA}.Release|Any CPU.Build.0 = Release|Any CPU
	EndGlobalSection
	GlobalSection(SolutionProperties) = preSolution
		HideSolutionNode = FALSE
	EndGlobalSection
	GlobalSection(ExtensibilityGlobals) = postSolution
		SolutionGuid = {239EA0FC-0536-41C0-81B8-F465C11CFEFE}
	EndGlobalSection
EndGlobal
